
Microsoft Visual Studio Solution File, Format Version 12.00
# Visual Studio Version 16
VisualStudioVersion = 16.0.30711.63
MinimumVisualStudioVersion = 10.0.40219.1
Project("{FAE04EC0-301F-11D3-BF4B-00C04F79EFBC}") = "ChessApplication.Network", "ChessApplication.Network\ChessApplication.Network.csproj", "{9AD7B69A-879A-48AC-B725-E579CB8DFFE4}"
EndProject
Project("{FAE04EC0-301F-11D3-BF4B-00C04F79EFBC}") = "ChessApplication.Common", "ChessApplication.Common\ChessApplication.Common.csproj", "{6B209803-C8D8-402B-8092-0F53BEF6F989}"
EndProject
Project("{2150E333-8FDC-42A3-9474-1A3956D46DE8}") = "Tests", "Tests", "{CEAEC5D0-D9AE-4B19-89AC-AAFE78447B33}"
EndProject
Project("{FAE04EC0-301F-11D3-BF4B-00C04F79EFBC}") = "ChessApplication.Common.UnitTests", "Tests\ChessApplication.Common.UnitTests\ChessApplication.Common.UnitTests.csproj", "{EFD6F1D0-06B7-4F50-917E-B4FB328CD885}"
EndProject
Project("{FAE04EC0-301F-11D3-BF4B-00C04F79EFBC}") = "ChessApplication.GUI", "ChessApplication.GUI\ChessApplication.GUI.csproj", "{370CE882-0121-477B-80E4-C7034B331751}"
EndProject
Project("{FAE04EC0-301F-11D3-BF4B-00C04F79EFBC}") = "ChessApplication.Network.UnitTests", "Tests\ChessApplication.Network.UnitTests\ChessApplication.Network.UnitTests.csproj", "{3A17AA3E-3368-49AE-A194-F1431B089904}"
EndProject
Project("{FAE04EC0-301F-11D3-BF4B-00C04F79EFBC}") = "ChessApplication.Tests.Utilities", "Tests\ChessApplication.Tests.Utilities\ChessApplication.Tests.Utilities.csproj", "{B1C4ED30-41E1-4EA5-AE78-F3165826E479}"
EndProject
Project("{FAE04EC0-301F-11D3-BF4B-00C04F79EFBC}") = "ChessApplication.ChessboardClassicLogic", "ChessApplication.ChessboardClassicLogic\ChessApplication.ChessboardClassicLogic.csproj", "{C73AAB28-C1AA-4AF6-B051-E16786B747AB}"
EndProject
Project("{FAE04EC0-301F-11D3-BF4B-00C04F79EFBC}") = "ChessApplication.Helpers", "ChessApplication.Helpers\ChessApplication.Helpers.csproj", "{A7EB8C80-A2D5-40B6-995A-866356D9F08A}"
EndProject
Project("{FAE04EC0-301F-11D3-BF4B-00C04F79EFBC}") = "ChessApplication.ChessboardClassicLogic.UnitTests", "Tests\ChessApplication.ChessboardClassicLogic.UnitTests\ChessApplication.ChessboardClassicLogic.UnitTests.csproj", "{EECF8B0B-F7A3-4ACD-83D7-3FA56983996D}"
EndProject
Project("{FAE04EC0-301F-11D3-BF4B-00C04F79EFBC}") = "ChessApplication.Providers", "ChessApplication.Providers\ChessApplication.Providers.csproj", "{FED65789-71A1-4F5A-844A-465C88DC3534}"
EndProject
Global
	GlobalSection(SolutionConfigurationPlatforms) = preSolution
		Debug|Any CPU = Debug|Any CPU
		Release|Any CPU = Release|Any CPU
	EndGlobalSection
	GlobalSection(ProjectConfigurationPlatforms) = postSolution
		{9AD7B69A-879A-48AC-B725-E579CB8DFFE4}.Debug|Any CPU.ActiveCfg = Debug|Any CPU
		{9AD7B69A-879A-48AC-B725-E579CB8DFFE4}.Debug|Any CPU.Build.0 = Debug|Any CPU
		{9AD7B69A-879A-48AC-B725-E579CB8DFFE4}.Release|Any CPU.ActiveCfg = Release|Any CPU
		{9AD7B69A-879A-48AC-B725-E579CB8DFFE4}.Release|Any CPU.Build.0 = Release|Any CPU
		{6B209803-C8D8-402B-8092-0F53BEF6F989}.Debug|Any CPU.ActiveCfg = Debug|Any CPU
		{6B209803-C8D8-402B-8092-0F53BEF6F989}.Debug|Any CPU.Build.0 = Debug|Any CPU
		{6B209803-C8D8-402B-8092-0F53BEF6F989}.Release|Any CPU.ActiveCfg = Release|Any CPU
		{6B209803-C8D8-402B-8092-0F53BEF6F989}.Release|Any CPU.Build.0 = Release|Any CPU
		{EFD6F1D0-06B7-4F50-917E-B4FB328CD885}.Debug|Any CPU.ActiveCfg = Debug|Any CPU
		{EFD6F1D0-06B7-4F50-917E-B4FB328CD885}.Debug|Any CPU.Build.0 = Debug|Any CPU
		{EFD6F1D0-06B7-4F50-917E-B4FB328CD885}.Release|Any CPU.ActiveCfg = Release|Any CPU
		{EFD6F1D0-06B7-4F50-917E-B4FB328CD885}.Release|Any CPU.Build.0 = Release|Any CPU
		{370CE882-0121-477B-80E4-C7034B331751}.Debug|Any CPU.ActiveCfg = Debug|Any CPU
		{370CE882-0121-477B-80E4-C7034B331751}.Debug|Any CPU.Build.0 = Debug|Any CPU
		{370CE882-0121-477B-80E4-C7034B331751}.Release|Any CPU.ActiveCfg = Release|Any CPU
		{370CE882-0121-477B-80E4-C7034B331751}.Release|Any CPU.Build.0 = Release|Any CPU
		{3A17AA3E-3368-49AE-A194-F1431B089904}.Debug|Any CPU.ActiveCfg = Debug|Any CPU
		{3A17AA3E-3368-49AE-A194-F1431B089904}.Debug|Any CPU.Build.0 = Debug|Any CPU
		{3A17AA3E-3368-49AE-A194-F1431B089904}.Release|Any CPU.ActiveCfg = Release|Any CPU
		{3A17AA3E-3368-49AE-A194-F1431B089904}.Release|Any CPU.Build.0 = Release|Any CPU
		{B1C4ED30-41E1-4EA5-AE78-F3165826E479}.Debug|Any CPU.ActiveCfg = Debug|Any CPU
		{B1C4ED30-41E1-4EA5-AE78-F3165826E479}.Debug|Any CPU.Build.0 = Debug|Any CPU
		{B1C4ED30-41E1-4EA5-AE78-F3165826E479}.Release|Any CPU.ActiveCfg = Release|Any CPU
		{B1C4ED30-41E1-4EA5-AE78-F3165826E479}.Release|Any CPU.Build.0 = Release|Any CPU
		{C73AAB28-C1AA-4AF6-B051-E16786B747AB}.Debug|Any CPU.ActiveCfg = Debug|Any CPU
		{C73AAB28-C1AA-4AF6-B051-E16786B747AB}.Debug|Any CPU.Build.0 = Debug|Any CPU
		{C73AAB28-C1AA-4AF6-B051-E16786B747AB}.Release|Any CPU.ActiveCfg = Release|Any CPU
		{C73AAB28-C1AA-4AF6-B051-E16786B747AB}.Release|Any CPU.Build.0 = Release|Any CPU
		{A7EB8C80-A2D5-40B6-995A-866356D9F08A}.Debug|Any CPU.ActiveCfg = Debug|Any CPU
		{A7EB8C80-A2D5-40B6-995A-866356D9F08A}.Debug|Any CPU.Build.0 = Debug|Any CPU
		{A7EB8C80-A2D5-40B6-995A-866356D9F08A}.Release|Any CPU.ActiveCfg = Release|Any CPU
		{A7EB8C80-A2D5-40B6-995A-866356D9F08A}.Release|Any CPU.Build.0 = Release|Any CPU
		{EECF8B0B-F7A3-4ACD-83D7-3FA56983996D}.Debug|Any CPU.ActiveCfg = Debug|Any CPU
		{EECF8B0B-F7A3-4ACD-83D7-3FA56983996D}.Debug|Any CPU.Build.0 = Debug|Any CPU
		{EECF8B0B-F7A3-4ACD-83D7-3FA56983996D}.Release|Any CPU.ActiveCfg = Release|Any CPU
		{EECF8B0B-F7A3-4ACD-83D7-3FA56983996D}.Release|Any CPU.Build.0 = Release|Any CPU
		{FED65789-71A1-4F5A-844A-465C88DC3534}.Debug|Any CPU.ActiveCfg = Debug|Any CPU
		{FED65789-71A1-4F5A-844A-465C88DC3534}.Debug|Any CPU.Build.0 = Debug|Any CPU
		{FED65789-71A1-4F5A-844A-465C88DC3534}.Release|Any CPU.ActiveCfg = Release|Any CPU
		{FED65789-71A1-4F5A-844A-465C88DC3534}.Release|Any CPU.Build.0 = Release|Any CPU
	EndGlobalSection
	GlobalSection(SolutionProperties) = preSolution
		HideSolutionNode = FALSE
	EndGlobalSection
	GlobalSection(NestedProjects) = preSolution
		{EFD6F1D0-06B7-4F50-917E-B4FB328CD885} = {CEAEC5D0-D9AE-4B19-89AC-AAFE78447B33}
		{3A17AA3E-3368-49AE-A194-F1431B089904} = {CEAEC5D0-D9AE-4B19-89AC-AAFE78447B33}
		{B1C4ED30-41E1-4EA5-AE78-F3165826E479} = {CEAEC5D0-D9AE-4B19-89AC-AAFE78447B33}
		{EECF8B0B-F7A3-4ACD-83D7-3FA56983996D} = {CEAEC5D0-D9AE-4B19-89AC-AAFE78447B33}
	EndGlobalSection
	GlobalSection(ExtensibilityGlobals) = postSolution
		SolutionGuid = {2A17F387-2CC4-446B-B387-4BB5D3CCC18D}
	EndGlobalSection
EndGlobal
