
Microsoft Visual Studio Solution File, Format Version 12.00
# Visual Studio Version 16
VisualStudioVersion = 16.0.29009.5
MinimumVisualStudioVersion = 10.0.40219.1
Project("{FAE04EC0-301F-11D3-BF4B-00C04F79EFBC}") = "ChessApplication.Network", "ChessApplication.Network\ChessApplication.Network.csproj", "{9AD7B69A-879A-48AC-B725-E579CB8DFFE4}"
EndProject
Project("{FAE04EC0-301F-11D3-BF4B-00C04F79EFBC}") = "ChessApplication.Common", "ChessApplication.Common\ChessApplication.Common.csproj", "{6B209803-C8D8-402B-8092-0F53BEF6F989}"
EndProject
Project("{FAE04EC0-301F-11D3-BF4B-00C04F79EFBC}") = "ChessApplication.Notifications", "ChessApplication.Notifications\ChessApplication.Notifications.csproj", "{A90EF670-DE52-44EA-9E58-8A0A9B028C8C}"
EndProject
Project("{FAE04EC0-301F-11D3-BF4B-00C04F79EFBC}") = "ChessApplication.ChatBox", "ChessApplication.ChatBox\ChessApplication.ChatBox.csproj", "{72F819D6-5805-4B09-A382-B70D046A267D}"
EndProject
Project("{FAE04EC0-301F-11D3-BF4B-00C04F79EFBC}") = "ChessApplication.History", "ChessApplication.History\ChessApplication.History.csproj", "{AADFD0D1-3510-4A81-B84B-CAAAEEA0ACCF}"
EndProject
Project("{2150E333-8FDC-42A3-9474-1A3956D46DE8}") = "Tests", "Tests", "{CEAEC5D0-D9AE-4B19-89AC-AAFE78447B33}"
EndProject
Project("{FAE04EC0-301F-11D3-BF4B-00C04F79EFBC}") = "ChessApplication.Common.UnitTests", "ChessApplication.Common.UnitTests\ChessApplication.Common.UnitTests.csproj", "{EFD6F1D0-06B7-4F50-917E-B4FB328CD885}"
EndProject
Project("{FAE04EC0-301F-11D3-BF4B-00C04F79EFBC}") = "UnitTestsUtilities", "UnitTestsUtilities\UnitTestsUtilities.csproj", "{1F3878D6-864C-4F27-ACE4-AE895ABC8B62}"
EndProject
Project("{FAE04EC0-301F-11D3-BF4B-00C04F79EFBC}") = "ChessApplication.Main", "ChessApplication.Main\ChessApplication.Main.csproj", "{E6EC510D-560E-4564-80CC-BCEE8818072C}"
EndProject
Project("{FAE04EC0-301F-11D3-BF4B-00C04F79EFBC}") = "ChessApplication.AI", "ChessApplication.AI\ChessApplication.AI.csproj", "{950BC651-03C5-4C2D-81C7-2904AEF60973}"
EndProject
Project("{FAE04EC0-301F-11D3-BF4B-00C04F79EFBC}") = "ChessApplication.AI.UnitTests", "ChessApplication.AI.UnitTests\ChessApplication.AI.UnitTests.csproj", "{1F392690-65AB-4AC2-9A9A-8EC102348A4B}"
EndProject
Global
	GlobalSection(SolutionConfigurationPlatforms) = preSolution
		Debug|Any CPU = Debug|Any CPU
		Release|Any CPU = Release|Any CPU
	EndGlobalSection
	GlobalSection(ProjectConfigurationPlatforms) = postSolution
		{9AD7B69A-879A-48AC-B725-E579CB8DFFE4}.Debug|Any CPU.ActiveCfg = Debug|Any CPU
		{9AD7B69A-879A-48AC-B725-E579CB8DFFE4}.Debug|Any CPU.Build.0 = Debug|Any CPU
		{9AD7B69A-879A-48AC-B725-E579CB8DFFE4}.Release|Any CPU.ActiveCfg = Release|Any CPU
		{9AD7B69A-879A-48AC-B725-E579CB8DFFE4}.Release|Any CPU.Build.0 = Release|Any CPU
		{6B209803-C8D8-402B-8092-0F53BEF6F989}.Debug|Any CPU.ActiveCfg = Debug|Any CPU
		{6B209803-C8D8-402B-8092-0F53BEF6F989}.Debug|Any CPU.Build.0 = Debug|Any CPU
		{6B209803-C8D8-402B-8092-0F53BEF6F989}.Release|Any CPU.ActiveCfg = Release|Any CPU
		{6B209803-C8D8-402B-8092-0F53BEF6F989}.Release|Any CPU.Build.0 = Release|Any CPU
		{A90EF670-DE52-44EA-9E58-8A0A9B028C8C}.Debug|Any CPU.ActiveCfg = Debug|Any CPU
		{A90EF670-DE52-44EA-9E58-8A0A9B028C8C}.Debug|Any CPU.Build.0 = Debug|Any CPU
		{A90EF670-DE52-44EA-9E58-8A0A9B028C8C}.Release|Any CPU.ActiveCfg = Release|Any CPU
		{A90EF670-DE52-44EA-9E58-8A0A9B028C8C}.Release|Any CPU.Build.0 = Release|Any CPU
		{72F819D6-5805-4B09-A382-B70D046A267D}.Debug|Any CPU.ActiveCfg = Debug|Any CPU
		{72F819D6-5805-4B09-A382-B70D046A267D}.Debug|Any CPU.Build.0 = Debug|Any CPU
		{72F819D6-5805-4B09-A382-B70D046A267D}.Release|Any CPU.ActiveCfg = Release|Any CPU
		{72F819D6-5805-4B09-A382-B70D046A267D}.Release|Any CPU.Build.0 = Release|Any CPU
		{AADFD0D1-3510-4A81-B84B-CAAAEEA0ACCF}.Debug|Any CPU.ActiveCfg = Debug|Any CPU
		{AADFD0D1-3510-4A81-B84B-CAAAEEA0ACCF}.Debug|Any CPU.Build.0 = Debug|Any CPU
		{AADFD0D1-3510-4A81-B84B-CAAAEEA0ACCF}.Release|Any CPU.ActiveCfg = Release|Any CPU
		{AADFD0D1-3510-4A81-B84B-CAAAEEA0ACCF}.Release|Any CPU.Build.0 = Release|Any CPU
		{EFD6F1D0-06B7-4F50-917E-B4FB328CD885}.Debug|Any CPU.ActiveCfg = Debug|Any CPU
		{EFD6F1D0-06B7-4F50-917E-B4FB328CD885}.Debug|Any CPU.Build.0 = Debug|Any CPU
		{EFD6F1D0-06B7-4F50-917E-B4FB328CD885}.Release|Any CPU.ActiveCfg = Release|Any CPU
		{EFD6F1D0-06B7-4F50-917E-B4FB328CD885}.Release|Any CPU.Build.0 = Release|Any CPU
		{1F3878D6-864C-4F27-ACE4-AE895ABC8B62}.Debug|Any CPU.ActiveCfg = Debug|Any CPU
		{1F3878D6-864C-4F27-ACE4-AE895ABC8B62}.Debug|Any CPU.Build.0 = Debug|Any CPU
		{1F3878D6-864C-4F27-ACE4-AE895ABC8B62}.Release|Any CPU.ActiveCfg = Release|Any CPU
		{1F3878D6-864C-4F27-ACE4-AE895ABC8B62}.Release|Any CPU.Build.0 = Release|Any CPU
		{E6EC510D-560E-4564-80CC-BCEE8818072C}.Debug|Any CPU.ActiveCfg = Debug|Any CPU
		{E6EC510D-560E-4564-80CC-BCEE8818072C}.Debug|Any CPU.Build.0 = Debug|Any CPU
		{E6EC510D-560E-4564-80CC-BCEE8818072C}.Release|Any CPU.ActiveCfg = Release|Any CPU
		{E6EC510D-560E-4564-80CC-BCEE8818072C}.Release|Any CPU.Build.0 = Release|Any CPU
		{950BC651-03C5-4C2D-81C7-2904AEF60973}.Debug|Any CPU.ActiveCfg = Debug|Any CPU
		{950BC651-03C5-4C2D-81C7-2904AEF60973}.Debug|Any CPU.Build.0 = Debug|Any CPU
		{950BC651-03C5-4C2D-81C7-2904AEF60973}.Release|Any CPU.ActiveCfg = Release|Any CPU
		{950BC651-03C5-4C2D-81C7-2904AEF60973}.Release|Any CPU.Build.0 = Release|Any CPU
		{1F392690-65AB-4AC2-9A9A-8EC102348A4B}.Debug|Any CPU.ActiveCfg = Debug|Any CPU
		{1F392690-65AB-4AC2-9A9A-8EC102348A4B}.Debug|Any CPU.Build.0 = Debug|Any CPU
		{1F392690-65AB-4AC2-9A9A-8EC102348A4B}.Release|Any CPU.ActiveCfg = Release|Any CPU
		{1F392690-65AB-4AC2-9A9A-8EC102348A4B}.Release|Any CPU.Build.0 = Release|Any CPU
	EndGlobalSection
	GlobalSection(SolutionProperties) = preSolution
		HideSolutionNode = FALSE
	EndGlobalSection
	GlobalSection(NestedProjects) = preSolution
		{EFD6F1D0-06B7-4F50-917E-B4FB328CD885} = {CEAEC5D0-D9AE-4B19-89AC-AAFE78447B33}
		{1F3878D6-864C-4F27-ACE4-AE895ABC8B62} = {CEAEC5D0-D9AE-4B19-89AC-AAFE78447B33}
		{1F392690-65AB-4AC2-9A9A-8EC102348A4B} = {CEAEC5D0-D9AE-4B19-89AC-AAFE78447B33}
	EndGlobalSection
	GlobalSection(ExtensibilityGlobals) = postSolution
		SolutionGuid = {2A17F387-2CC4-446B-B387-4BB5D3CCC18D}
	EndGlobalSection
EndGlobal
